
Microsoft Visual Studio Solution File, Format Version 12.00
# Visual Studio Version 17
VisualStudioVersion = 17.5.002.0
MinimumVisualStudioVersion = 10.0.40219.1
Project("{9A19103F-16F7-4668-BE54-9A1E7A4F7556}") = "NotesManager - Backup", "NotesManager - Backup.csproj", "{740308AA-8F61-476F-B45B-7F8E6AA1905D}"
EndProject
Project("{9A19103F-16F7-4668-BE54-9A1E7A4F7556}") = "NotesManager", "NotesManager.csproj", "{28FEAAF6-A4EE-4EA7-8838-76392D492C17}"
EndProject
Global
	GlobalSection(SolutionConfigurationPlatforms) = preSolution
		Debug|Any CPU = Debug|Any CPU
		Release|Any CPU = Release|Any CPU
	EndGlobalSection
	GlobalSection(ProjectConfigurationPlatforms) = postSolution
		{740308AA-8F61-476F-B45B-7F8E6AA1905D}.Debug|Any CPU.ActiveCfg = Debug|Any CPU
		{740308AA-8F61-476F-B45B-7F8E6AA1905D}.Debug|Any CPU.Build.0 = Debug|Any CPU
		{740308AA-8F61-476F-B45B-7F8E6AA1905D}.Release|Any CPU.ActiveCfg = Release|Any CPU
		{740308AA-8F61-476F-B45B-7F8E6AA1905D}.Release|Any CPU.Build.0 = Release|Any CPU
		{28FEAAF6-A4EE-4EA7-8838-76392D492C17}.Debug|Any CPU.ActiveCfg = Debug|Any CPU
		{28FEAAF6-A4EE-4EA7-8838-76392D492C17}.Debug|Any CPU.Build.0 = Debug|Any CPU
		{28FEAAF6-A4EE-4EA7-8838-76392D492C17}.Release|Any CPU.ActiveCfg = Release|Any CPU
		{28FEAAF6-A4EE-4EA7-8838-76392D492C17}.Release|Any CPU.Build.0 = Release|Any CPU
	EndGlobalSection
	GlobalSection(SolutionProperties) = preSolution
		HideSolutionNode = FALSE
	EndGlobalSection
	GlobalSection(ExtensibilityGlobals) = postSolution
		SolutionGuid = {D09F9BD3-FBCD-43D4-862E-0D71C57AD8A0}
	EndGlobalSection
EndGlobal
